// !$*UTF8*$!
{
	archiveVersion = 1;
	classes = {
	};
	objectVersion = 56;
	objects = {

/* Begin PBXBuildFile section */
		1A70603F2CD2B1F50014DD5E /* AppDelegate.swift in Sources */ = {isa = PBXBuildFile; fileRef = 1A70603E2CD2B1F50014DD5E /* AppDelegate.swift */; };
		1A7060412CD2B1F50014DD5E /* SceneDelegate.swift in Sources */ = {isa = PBXBuildFile; fileRef = 1A7060402CD2B1F50014DD5E /* SceneDelegate.swift */; };
		1A7060482CD2B1F70014DD5E /* Assets.xcassets in Resources */ = {isa = PBXBuildFile; fileRef = 1A7060472CD2B1F70014DD5E /* Assets.xcassets */; };
		1A70604B2CD2B1F70014DD5E /* Base in Resources */ = {isa = PBXBuildFile; fileRef = 1A70604A2CD2B1F70014DD5E /* Base */; };
		1A7060582CD2B2370014DD5E /* Coordinator.swift in Sources */ = {isa = PBXBuildFile; fileRef = 1A7060572CD2B2370014DD5E /* Coordinator.swift */; };
		1A70605A2CD2B24E0014DD5E /* MainCoordinator.swift in Sources */ = {isa = PBXBuildFile; fileRef = 1A7060592CD2B24E0014DD5E /* MainCoordinator.swift */; };
		1A70605D2CD2B2640014DD5E /* MainViewController.swift in Sources */ = {isa = PBXBuildFile; fileRef = 1A70605C2CD2B2640014DD5E /* MainViewController.swift */; };
		1A70605F2CD2B2790014DD5E /* MainVC + Action.swift in Sources */ = {isa = PBXBuildFile; fileRef = 1A70605E2CD2B2790014DD5E /* MainVC + Action.swift */; };
		1A7060612CD2B2820014DD5E /* MainVC + CollectionView.swift in Sources */ = {isa = PBXBuildFile; fileRef = 1A7060602CD2B2820014DD5E /* MainVC + CollectionView.swift */; };
		1A7060632CD2B2890014DD5E /* MainView.swift in Sources */ = {isa = PBXBuildFile; fileRef = 1A7060622CD2B2890014DD5E /* MainView.swift */; };
		1A7060652CD2B2940014DD5E /* MainCollectionViewCell.swift in Sources */ = {isa = PBXBuildFile; fileRef = 1A7060642CD2B2940014DD5E /* MainCollectionViewCell.swift */; };
		1A7060682CD2B2D60014DD5E /* AddTargetViewController.swift in Sources */ = {isa = PBXBuildFile; fileRef = 1A7060672CD2B2D60014DD5E /* AddTargetViewController.swift */; };
		1A70606A2CD2B2E20014DD5E /* AddTargetVC + Action.swift in Sources */ = {isa = PBXBuildFile; fileRef = 1A7060692CD2B2E20014DD5E /* AddTargetVC + Action.swift */; };
		1A70606C2CD2B2EB0014DD5E /* AddTargetVC + TableView.swift in Sources */ = {isa = PBXBuildFile; fileRef = 1A70606B2CD2B2EB0014DD5E /* AddTargetVC + TableView.swift */; };
		1A70606E2CD2B2F30014DD5E /* TargetCell.swift in Sources */ = {isa = PBXBuildFile; fileRef = 1A70606D2CD2B2F30014DD5E /* TargetCell.swift */; };
		1A7060722CD2B33B0014DD5E /* InfoView.swift in Sources */ = {isa = PBXBuildFile; fileRef = 1A7060712CD2B33B0014DD5E /* InfoView.swift */; };
		1A7060742CD2B3470014DD5E /* InfoViewController.swift in Sources */ = {isa = PBXBuildFile; fileRef = 1A7060732CD2B3470014DD5E /* InfoViewController.swift */; };
		1A7060762CD2B34F0014DD5E /* GameScene.swift in Sources */ = {isa = PBXBuildFile; fileRef = 1A7060752CD2B34F0014DD5E /* GameScene.swift */; };
		1A7060782CD2B3560014DD5E /* GameViewController.swift in Sources */ = {isa = PBXBuildFile; fileRef = 1A7060772CD2B3560014DD5E /* GameViewController.swift */; };
		1A70607A2CD2B37D0014DD5E /* MainViewModel.swift in Sources */ = {isa = PBXBuildFile; fileRef = 1A7060792CD2B37D0014DD5E /* MainViewModel.swift */; };
		1A70607C2CD2B3AD0014DD5E /* GoalManager.swift in Sources */ = {isa = PBXBuildFile; fileRef = 1A70607B2CD2B3AD0014DD5E /* GoalManager.swift */; };
		1A7060802CD2B3E00014DD5E /* Resources.swift in Sources */ = {isa = PBXBuildFile; fileRef = 1A70607F2CD2B3E00014DD5E /* Resources.swift */; };
		1A7060832CD2B4360014DD5E /* SnapKit in Frameworks */ = {isa = PBXBuildFile; productRef = 1A7060822CD2B4360014DD5E /* SnapKit */; };
		1A830C5B2CD3F90E0060CC21 /* AddTargetViewModel.swift in Sources */ = {isa = PBXBuildFile; fileRef = 1A830C5A2CD3F90E0060CC21 /* AddTargetViewModel.swift */; };
		1A830C5F2CD4002D0060CC21 /* GoalCell.swift in Sources */ = {isa = PBXBuildFile; fileRef = 1A830C5E2CD4002D0060CC21 /* GoalCell.swift */; };
		1A830C622CD4058A0060CC21 /* NotificationSettingsViewController.swift in Sources */ = {isa = PBXBuildFile; fileRef = 1A830C612CD4058A0060CC21 /* NotificationSettingsViewController.swift */; };
		1A830C642CD410790060CC21 /* SettingsManager.swift in Sources */ = {isa = PBXBuildFile; fileRef = 1A830C632CD410790060CC21 /* SettingsManager.swift */; };
		1A830C662CD4341E0060CC21 /* GetterSingletone.swift in Sources */ = {isa = PBXBuildFile; fileRef = 1A830C652CD4341E0060CC21 /* GetterSingletone.swift */; };
		1AFD38812CD51DBE00D54197 /* LoadinView.swift in Sources */ = {isa = PBXBuildFile; fileRef = 1AFD38802CD51DBE00D54197 /* LoadinView.swift */; };
/* End PBXBuildFile section */

/* Begin PBXFileReference section */
		1A70603B2CD2B1F50014DD5E /* PlinkoApp.app */ = {isa = PBXFileReference; explicitFileType = wrapper.application; includeInIndex = 0; path = PlinkoApp.app; sourceTree = BUILT_PRODUCTS_DIR; };
		1A70603E2CD2B1F50014DD5E /* AppDelegate.swift */ = {isa = PBXFileReference; lastKnownFileType = sourcecode.swift; path = AppDelegate.swift; sourceTree = "<group>"; };
		1A7060402CD2B1F50014DD5E /* SceneDelegate.swift */ = {isa = PBXFileReference; lastKnownFileType = sourcecode.swift; path = SceneDelegate.swift; sourceTree = "<group>"; };
		1A7060472CD2B1F70014DD5E /* Assets.xcassets */ = {isa = PBXFileReference; lastKnownFileType = folder.assetcatalog; path = Assets.xcassets; sourceTree = "<group>"; };
		1A70604A2CD2B1F70014DD5E /* Base */ = {isa = PBXFileReference; lastKnownFileType = file.storyboard; name = Base; path = Base.lproj/LaunchScreen.storyboard; sourceTree = "<group>"; };
		1A70604C2CD2B1F70014DD5E /* Info.plist */ = {isa = PBXFileReference; lastKnownFileType = text.plist.xml; path = Info.plist; sourceTree = "<group>"; };
		1A7060572CD2B2370014DD5E /* Coordinator.swift */ = {isa = PBXFileReference; lastKnownFileType = sourcecode.swift; path = Coordinator.swift; sourceTree = "<group>"; };
		1A7060592CD2B24E0014DD5E /* MainCoordinator.swift */ = {isa = PBXFileReference; lastKnownFileType = sourcecode.swift; path = MainCoordinator.swift; sourceTree = "<group>"; };
		1A70605C2CD2B2640014DD5E /* MainViewController.swift */ = {isa = PBXFileReference; lastKnownFileType = sourcecode.swift; path = MainViewController.swift; sourceTree = "<group>"; };
		1A70605E2CD2B2790014DD5E /* MainVC + Action.swift */ = {isa = PBXFileReference; lastKnownFileType = sourcecode.swift; path = "MainVC + Action.swift"; sourceTree = "<group>"; };
		1A7060602CD2B2820014DD5E /* MainVC + CollectionView.swift */ = {isa = PBXFileReference; lastKnownFileType = sourcecode.swift; path = "MainVC + CollectionView.swift"; sourceTree = "<group>"; };
		1A7060622CD2B2890014DD5E /* MainView.swift */ = {isa = PBXFileReference; lastKnownFileType = sourcecode.swift; path = MainView.swift; sourceTree = "<group>"; };
		1A7060642CD2B2940014DD5E /* MainCollectionViewCell.swift */ = {isa = PBXFileReference; lastKnownFileType = sourcecode.swift; path = MainCollectionViewCell.swift; sourceTree = "<group>"; };
		1A7060672CD2B2D60014DD5E /* AddTargetViewController.swift */ = {isa = PBXFileReference; lastKnownFileType = sourcecode.swift; path = AddTargetViewController.swift; sourceTree = "<group>"; };
		1A7060692CD2B2E20014DD5E /* AddTargetVC + Action.swift */ = {isa = PBXFileReference; lastKnownFileType = sourcecode.swift; path = "AddTargetVC + Action.swift"; sourceTree = "<group>"; };
		1A70606B2CD2B2EB0014DD5E /* AddTargetVC + TableView.swift */ = {isa = PBXFileReference; lastKnownFileType = sourcecode.swift; path = "AddTargetVC + TableView.swift"; sourceTree = "<group>"; };
		1A70606D2CD2B2F30014DD5E /* TargetCell.swift */ = {isa = PBXFileReference; lastKnownFileType = sourcecode.swift; path = TargetCell.swift; sourceTree = "<group>"; };
		1A7060712CD2B33B0014DD5E /* InfoView.swift */ = {isa = PBXFileReference; lastKnownFileType = sourcecode.swift; path = InfoView.swift; sourceTree = "<group>"; };
		1A7060732CD2B3470014DD5E /* InfoViewController.swift */ = {isa = PBXFileReference; lastKnownFileType = sourcecode.swift; path = InfoViewController.swift; sourceTree = "<group>"; };
		1A7060752CD2B34F0014DD5E /* GameScene.swift */ = {isa = PBXFileReference; lastKnownFileType = sourcecode.swift; path = GameScene.swift; sourceTree = "<group>"; };
		1A7060772CD2B3560014DD5E /* GameViewController.swift */ = {isa = PBXFileReference; lastKnownFileType = sourcecode.swift; path = GameViewController.swift; sourceTree = "<group>"; };
		1A7060792CD2B37D0014DD5E /* MainViewModel.swift */ = {isa = PBXFileReference; lastKnownFileType = sourcecode.swift; path = MainViewModel.swift; sourceTree = "<group>"; };
		1A70607B2CD2B3AD0014DD5E /* GoalManager.swift */ = {isa = PBXFileReference; lastKnownFileType = sourcecode.swift; path = GoalManager.swift; sourceTree = "<group>"; };
		1A70607F2CD2B3E00014DD5E /* Resources.swift */ = {isa = PBXFileReference; lastKnownFileType = sourcecode.swift; path = Resources.swift; sourceTree = "<group>"; };
		1A830C5A2CD3F90E0060CC21 /* AddTargetViewModel.swift */ = {isa = PBXFileReference; lastKnownFileType = sourcecode.swift; path = AddTargetViewModel.swift; sourceTree = "<group>"; };
		1A830C5E2CD4002D0060CC21 /* GoalCell.swift */ = {isa = PBXFileReference; lastKnownFileType = sourcecode.swift; path = GoalCell.swift; sourceTree = "<group>"; };
		1A830C612CD4058A0060CC21 /* NotificationSettingsViewController.swift */ = {isa = PBXFileReference; lastKnownFileType = sourcecode.swift; path = NotificationSettingsViewController.swift; sourceTree = "<group>"; };
		1A830C632CD410790060CC21 /* SettingsManager.swift */ = {isa = PBXFileReference; lastKnownFileType = sourcecode.swift; path = SettingsManager.swift; sourceTree = "<group>"; };
		1A830C652CD4341E0060CC21 /* GetterSingletone.swift */ = {isa = PBXFileReference; lastKnownFileType = sourcecode.swift; path = GetterSingletone.swift; sourceTree = "<group>"; };
		1AFD38802CD51DBE00D54197 /* LoadinView.swift */ = {isa = PBXFileReference; lastKnownFileType = sourcecode.swift; path = LoadinView.swift; sourceTree = "<group>"; };
/* End PBXFileReference section */

/* Begin PBXFrameworksBuildPhase section */
		1A7060382CD2B1F50014DD5E /* Frameworks */ = {
			isa = PBXFrameworksBuildPhase;
			buildActionMask = 2147483647;
			files = (
				1A7060832CD2B4360014DD5E /* SnapKit in Frameworks */,
			);
			runOnlyForDeploymentPostprocessing = 0;
		};
/* End PBXFrameworksBuildPhase section */

/* Begin PBXGroup section */
		1A7060322CD2B1F50014DD5E = {
			isa = PBXGroup;
			children = (
				1A70603D2CD2B1F50014DD5E /* PlinkoApp */,
				1A70603C2CD2B1F50014DD5E /* Products */,
			);
			sourceTree = "<group>";
		};
		1A70603C2CD2B1F50014DD5E /* Products */ = {
			isa = PBXGroup;
			children = (
				1A70603B2CD2B1F50014DD5E /* PlinkoApp.app */,
			);
			name = Products;
			sourceTree = "<group>";
		};
		1A70603D2CD2B1F50014DD5E /* PlinkoApp */ = {
			isa = PBXGroup;
			children = (
				1A7060522CD2B1FB0014DD5E /* Coordinaror */,
				1A7060562CD2B2160014DD5E /* Model */,
				1A7060552CD2B20E0014DD5E /* ViewModel */,
				1A7060542CD2B20A0014DD5E /* View */,
				1A70603E2CD2B1F50014DD5E /* AppDelegate.swift */,
				1A7060402CD2B1F50014DD5E /* SceneDelegate.swift */,
				1A7060472CD2B1F70014DD5E /* Assets.xcassets */,
				1A7060492CD2B1F70014DD5E /* LaunchScreen.storyboard */,
				1A70604C2CD2B1F70014DD5E /* Info.plist */,
			);
			path = PlinkoApp;
			sourceTree = "<group>";
		};
		1A7060522CD2B1FB0014DD5E /* Coordinaror */ = {
			isa = PBXGroup;
			children = (
				1A7060532CD2B2040014DD5E /* MainCoordinator */,
				1A7060572CD2B2370014DD5E /* Coordinator.swift */,
			);
			path = Coordinaror;
			sourceTree = "<group>";
		};
		1A7060532CD2B2040014DD5E /* MainCoordinator */ = {
			isa = PBXGroup;
			children = (
				1A7060592CD2B24E0014DD5E /* MainCoordinator.swift */,
			);
			path = MainCoordinator;
			sourceTree = "<group>";
		};
		1A7060542CD2B20A0014DD5E /* View */ = {
			isa = PBXGroup;
			children = (
				1A830C602CD4057D0060CC21 /* Settings */,
				1A7060702CD2B3280014DD5E /* Game */,
				1A70606F2CD2B31D0014DD5E /* Info */,
				1A7060662CD2B2C80014DD5E /* AddTarget */,
				1A70605B2CD2B25B0014DD5E /* Main */,
			);
			path = View;
			sourceTree = "<group>";
		};
		1A7060552CD2B20E0014DD5E /* ViewModel */ = {
			isa = PBXGroup;
			children = (
				1A7060792CD2B37D0014DD5E /* MainViewModel.swift */,
				1A830C5A2CD3F90E0060CC21 /* AddTargetViewModel.swift */,
			);
			path = ViewModel;
			sourceTree = "<group>";
		};
		1A7060562CD2B2160014DD5E /* Model */ = {
			isa = PBXGroup;
			children = (
				1A70607E2CD2B3B90014DD5E /* Support */,
				1A70607D2CD2B3B40014DD5E /* Resources */,
				1A70607B2CD2B3AD0014DD5E /* GoalManager.swift */,
				1A830C652CD4341E0060CC21 /* GetterSingletone.swift */,
				1A830C632CD410790060CC21 /* SettingsManager.swift */,
			);
			path = Model;
			sourceTree = "<group>";
		};
		1A70605B2CD2B25B0014DD5E /* Main */ = {
			isa = PBXGroup;
			children = (
				1A70605C2CD2B2640014DD5E /* MainViewController.swift */,
				1A70605E2CD2B2790014DD5E /* MainVC + Action.swift */,
				1A7060602CD2B2820014DD5E /* MainVC + CollectionView.swift */,
				1A7060622CD2B2890014DD5E /* MainView.swift */,
				1A7060642CD2B2940014DD5E /* MainCollectionViewCell.swift */,
				1AFD38802CD51DBE00D54197 /* LoadinView.swift */,
			);
			path = Main;
			sourceTree = "<group>";
		};
		1A7060662CD2B2C80014DD5E /* AddTarget */ = {
			isa = PBXGroup;
			children = (
				1A7060672CD2B2D60014DD5E /* AddTargetViewController.swift */,
				1A7060692CD2B2E20014DD5E /* AddTargetVC + Action.swift */,
				1A70606B2CD2B2EB0014DD5E /* AddTargetVC + TableView.swift */,
				1A70606D2CD2B2F30014DD5E /* TargetCell.swift */,
			);
			path = AddTarget;
			sourceTree = "<group>";
		};
		1A70606F2CD2B31D0014DD5E /* Info */ = {
			isa = PBXGroup;
			children = (
				1A7060712CD2B33B0014DD5E /* InfoView.swift */,
				1A7060732CD2B3470014DD5E /* InfoViewController.swift */,
			);
			path = Info;
			sourceTree = "<group>";
		};
		1A7060702CD2B3280014DD5E /* Game */ = {
			isa = PBXGroup;
			children = (
				1A7060752CD2B34F0014DD5E /* GameScene.swift */,
				1A7060772CD2B3560014DD5E /* GameViewController.swift */,
				1A830C5E2CD4002D0060CC21 /* GoalCell.swift */,
			);
			path = Game;
			sourceTree = "<group>";
		};
		1A70607D2CD2B3B40014DD5E /* Resources */ = {
			isa = PBXGroup;
			children = (
				1A70607F2CD2B3E00014DD5E /* Resources.swift */,
			);
			path = Resources;
			sourceTree = "<group>";
		};
		1A70607E2CD2B3B90014DD5E /* Support */ = {
			isa = PBXGroup;
			children = (
			);
			path = Support;
			sourceTree = "<group>";
		};
		1A830C602CD4057D0060CC21 /* Settings */ = {
			isa = PBXGroup;
			children = (
				1A830C612CD4058A0060CC21 /* NotificationSettingsViewController.swift */,
			);
			path = Settings;
			sourceTree = "<group>";
		};
/* End PBXGroup section */

/* Begin PBXNativeTarget section */
		1A70603A2CD2B1F50014DD5E /* PlinkoApp */ = {
			isa = PBXNativeTarget;
			buildConfigurationList = 1A70604F2CD2B1F70014DD5E /* Build configuration list for PBXNativeTarget "PlinkoApp" */;
			buildPhases = (
				1A7060372CD2B1F50014DD5E /* Sources */,
				1A7060382CD2B1F50014DD5E /* Frameworks */,
				1A7060392CD2B1F50014DD5E /* Resources */,
			);
			buildRules = (
			);
			dependencies = (
			);
			name = PlinkoApp;
			packageProductDependencies = (
				1A7060822CD2B4360014DD5E /* SnapKit */,
			);
			productName = PlinkoApp;
			productReference = 1A70603B2CD2B1F50014DD5E /* PlinkoApp.app */;
			productType = "com.apple.product-type.application";
		};
/* End PBXNativeTarget section */

/* Begin PBXProject section */
		1A7060332CD2B1F50014DD5E /* Project object */ = {
			isa = PBXProject;
			attributes = {
				BuildIndependentTargetsInParallel = 1;
				LastSwiftUpdateCheck = 1540;
				LastUpgradeCheck = 1540;
				TargetAttributes = {
					1A70603A2CD2B1F50014DD5E = {
						CreatedOnToolsVersion = 15.4;
					};
				};
			};
			buildConfigurationList = 1A7060362CD2B1F50014DD5E /* Build configuration list for PBXProject "PlinkoApp" */;
			compatibilityVersion = "Xcode 14.0";
			developmentRegion = en;
			hasScannedForEncodings = 0;
			knownRegions = (
				en,
				Base,
			);
			mainGroup = 1A7060322CD2B1F50014DD5E;
			packageReferences = (
				1A7060812CD2B4360014DD5E /* XCRemoteSwiftPackageReference "SnapKit" */,
			);
			productRefGroup = 1A70603C2CD2B1F50014DD5E /* Products */;
			projectDirPath = "";
			projectRoot = "";
			targets = (
				1A70603A2CD2B1F50014DD5E /* PlinkoApp */,
			);
		};
/* End PBXProject section */

/* Begin PBXResourcesBuildPhase section */
		1A7060392CD2B1F50014DD5E /* Resources */ = {
			isa = PBXResourcesBuildPhase;
			buildActionMask = 2147483647;
			files = (
				1A7060482CD2B1F70014DD5E /* Assets.xcassets in Resources */,
				1A70604B2CD2B1F70014DD5E /* Base in Resources */,
			);
			runOnlyForDeploymentPostprocessing = 0;
		};
/* End PBXResourcesBuildPhase section */

/* Begin PBXSourcesBuildPhase section */
		1A7060372CD2B1F50014DD5E /* Sources */ = {
			isa = PBXSourcesBuildPhase;
			buildActionMask = 2147483647;
			files = (
				1A7060612CD2B2820014DD5E /* MainVC + CollectionView.swift in Sources */,
				1A830C5B2CD3F90E0060CC21 /* AddTargetViewModel.swift in Sources */,
				1A7060632CD2B2890014DD5E /* MainView.swift in Sources */,
				1A7060582CD2B2370014DD5E /* Coordinator.swift in Sources */,
				1A830C5F2CD4002D0060CC21 /* GoalCell.swift in Sources */,
				1AFD38812CD51DBE00D54197 /* LoadinView.swift in Sources */,
				1A7060782CD2B3560014DD5E /* GameViewController.swift in Sources */,
				1A70603F2CD2B1F50014DD5E /* AppDelegate.swift in Sources */,
				1A70605D2CD2B2640014DD5E /* MainViewController.swift in Sources */,
				1A70606E2CD2B2F30014DD5E /* TargetCell.swift in Sources */,
				1A7060682CD2B2D60014DD5E /* AddTargetViewController.swift in Sources */,
				1A7060802CD2B3E00014DD5E /* Resources.swift in Sources */,
				1A70605F2CD2B2790014DD5E /* MainVC + Action.swift in Sources */,
				1A70606C2CD2B2EB0014DD5E /* AddTargetVC + TableView.swift in Sources */,
				1A7060652CD2B2940014DD5E /* MainCollectionViewCell.swift in Sources */,
				1A7060762CD2B34F0014DD5E /* GameScene.swift in Sources */,
				1A70607A2CD2B37D0014DD5E /* MainViewModel.swift in Sources */,
				1A70605A2CD2B24E0014DD5E /* MainCoordinator.swift in Sources */,
				1A7060412CD2B1F50014DD5E /* SceneDelegate.swift in Sources */,
				1A7060722CD2B33B0014DD5E /* InfoView.swift in Sources */,
				1A7060742CD2B3470014DD5E /* InfoViewController.swift in Sources */,
				1A830C642CD410790060CC21 /* SettingsManager.swift in Sources */,
				1A830C662CD4341E0060CC21 /* GetterSingletone.swift in Sources */,
				1A70607C2CD2B3AD0014DD5E /* GoalManager.swift in Sources */,
				1A70606A2CD2B2E20014DD5E /* AddTargetVC + Action.swift in Sources */,
				1A830C622CD4058A0060CC21 /* NotificationSettingsViewController.swift in Sources */,
			);
			runOnlyForDeploymentPostprocessing = 0;
		};
/* End PBXSourcesBuildPhase section */

/* Begin PBXVariantGroup section */
		1A7060492CD2B1F70014DD5E /* LaunchScreen.storyboard */ = {
			isa = PBXVariantGroup;
			children = (
				1A70604A2CD2B1F70014DD5E /* Base */,
			);
			name = LaunchScreen.storyboard;
			sourceTree = "<group>";
		};
/* End PBXVariantGroup section */

/* Begin XCBuildConfiguration section */
		1A70604D2CD2B1F70014DD5E /* Debug */ = {
			isa = XCBuildConfiguration;
			buildSettings = {
				ALWAYS_SEARCH_USER_PATHS = NO;
				ASSETCATALOG_COMPILER_GENERATE_SWIFT_ASSET_SYMBOL_EXTENSIONS = YES;
				CLANG_ANALYZER_NONNULL = YES;
				CLANG_ANALYZER_NUMBER_OBJECT_CONVERSION = YES_AGGRESSIVE;
				CLANG_CXX_LANGUAGE_STANDARD = "gnu++20";
				CLANG_ENABLE_MODULES = YES;
				CLANG_ENABLE_OBJC_ARC = YES;
				CLANG_ENABLE_OBJC_WEAK = YES;
				CLANG_WARN_BLOCK_CAPTURE_AUTORELEASING = YES;
				CLANG_WARN_BOOL_CONVERSION = YES;
				CLANG_WARN_COMMA = YES;
				CLANG_WARN_CONSTANT_CONVERSION = YES;
				CLANG_WARN_DEPRECATED_OBJC_IMPLEMENTATIONS = YES;
				CLANG_WARN_DIRECT_OBJC_ISA_USAGE = YES_ERROR;
				CLANG_WARN_DOCUMENTATION_COMMENTS = YES;
				CLANG_WARN_EMPTY_BODY = YES;
				CLANG_WARN_ENUM_CONVERSION = YES;
				CLANG_WARN_INFINITE_RECURSION = YES;
				CLANG_WARN_INT_CONVERSION = YES;
				CLANG_WARN_NON_LITERAL_NULL_CONVERSION = YES;
				CLANG_WARN_OBJC_IMPLICIT_RETAIN_SELF = YES;
				CLANG_WARN_OBJC_LITERAL_CONVERSION = YES;
				CLANG_WARN_OBJC_ROOT_CLASS = YES_ERROR;
				CLANG_WARN_QUOTED_INCLUDE_IN_FRAMEWORK_HEADER = YES;
				CLANG_WARN_RANGE_LOOP_ANALYSIS = YES;
				CLANG_WARN_STRICT_PROTOTYPES = YES;
				CLANG_WARN_SUSPICIOUS_MOVE = YES;
				CLANG_WARN_UNGUARDED_AVAILABILITY = YES_AGGRESSIVE;
				CLANG_WARN_UNREACHABLE_CODE = YES;
				CLANG_WARN__DUPLICATE_METHOD_MATCH = YES;
				COPY_PHASE_STRIP = NO;
				DEBUG_INFORMATION_FORMAT = dwarf;
				ENABLE_STRICT_OBJC_MSGSEND = YES;
				ENABLE_TESTABILITY = YES;
				ENABLE_USER_SCRIPT_SANDBOXING = YES;
				GCC_C_LANGUAGE_STANDARD = gnu17;
				GCC_DYNAMIC_NO_PIC = NO;
				GCC_NO_COMMON_BLOCKS = YES;
				GCC_OPTIMIZATION_LEVEL = 0;
				GCC_PREPROCESSOR_DEFINITIONS = (
					"DEBUG=1",
					"$(inherited)",
				);
				GCC_WARN_64_TO_32_BIT_CONVERSION = YES;
				GCC_WARN_ABOUT_RETURN_TYPE = YES_ERROR;
				GCC_WARN_UNDECLARED_SELECTOR = YES;
				GCC_WARN_UNINITIALIZED_AUTOS = YES_AGGRESSIVE;
				GCC_WARN_UNUSED_FUNCTION = YES;
				GCC_WARN_UNUSED_VARIABLE = YES;
				IPHONEOS_DEPLOYMENT_TARGET = 15.0;
				LOCALIZATION_PREFERS_STRING_CATALOGS = YES;
				MTL_ENABLE_DEBUG_INFO = INCLUDE_SOURCE;
				MTL_FAST_MATH = YES;
				ONLY_ACTIVE_ARCH = YES;
				SDKROOT = iphoneos;
				SWIFT_ACTIVE_COMPILATION_CONDITIONS = "DEBUG $(inherited)";
				SWIFT_OPTIMIZATION_LEVEL = "-Onone";
			};
			name = Debug;
		};
		1A70604E2CD2B1F70014DD5E /* Release */ = {
			isa = XCBuildConfiguration;
			buildSettings = {
				ALWAYS_SEARCH_USER_PATHS = NO;
				ASSETCATALOG_COMPILER_GENERATE_SWIFT_ASSET_SYMBOL_EXTENSIONS = YES;
				CLANG_ANALYZER_NONNULL = YES;
				CLANG_ANALYZER_NUMBER_OBJECT_CONVERSION = YES_AGGRESSIVE;
				CLANG_CXX_LANGUAGE_STANDARD = "gnu++20";
				CLANG_ENABLE_MODULES = YES;
				CLANG_ENABLE_OBJC_ARC = YES;
				CLANG_ENABLE_OBJC_WEAK = YES;
				CLANG_WARN_BLOCK_CAPTURE_AUTORELEASING = YES;
				CLANG_WARN_BOOL_CONVERSION = YES;
				CLANG_WARN_COMMA = YES;
				CLANG_WARN_CONSTANT_CONVERSION = YES;
				CLANG_WARN_DEPRECATED_OBJC_IMPLEMENTATIONS = YES;
				CLANG_WARN_DIRECT_OBJC_ISA_USAGE = YES_ERROR;
				CLANG_WARN_DOCUMENTATION_COMMENTS = YES;
				CLANG_WARN_EMPTY_BODY = YES;
				CLANG_WARN_ENUM_CONVERSION = YES;
				CLANG_WARN_INFINITE_RECURSION = YES;
				CLANG_WARN_INT_CONVERSION = YES;
				CLANG_WARN_NON_LITERAL_NULL_CONVERSION = YES;
				CLANG_WARN_OBJC_IMPLICIT_RETAIN_SELF = YES;
				CLANG_WARN_OBJC_LITERAL_CONVERSION = YES;
				CLANG_WARN_OBJC_ROOT_CLASS = YES_ERROR;
				CLANG_WARN_QUOTED_INCLUDE_IN_FRAMEWORK_HEADER = YES;
				CLANG_WARN_RANGE_LOOP_ANALYSIS = YES;
				CLANG_WARN_STRICT_PROTOTYPES = YES;
				CLANG_WARN_SUSPICIOUS_MOVE = YES;
				CLANG_WARN_UNGUARDED_AVAILABILITY = YES_AGGRESSIVE;
				CLANG_WARN_UNREACHABLE_CODE = YES;
				CLANG_WARN__DUPLICATE_METHOD_MATCH = YES;
				COPY_PHASE_STRIP = NO;
				DEBUG_INFORMATION_FORMAT = "dwarf-with-dsym";
				ENABLE_NS_ASSERTIONS = NO;
				ENABLE_STRICT_OBJC_MSGSEND = YES;
				ENABLE_USER_SCRIPT_SANDBOXING = YES;
				GCC_C_LANGUAGE_STANDARD = gnu17;
				GCC_NO_COMMON_BLOCKS = YES;
				GCC_WARN_64_TO_32_BIT_CONVERSION = YES;
				GCC_WARN_ABOUT_RETURN_TYPE = YES_ERROR;
				GCC_WARN_UNDECLARED_SELECTOR = YES;
				GCC_WARN_UNINITIALIZED_AUTOS = YES_AGGRESSIVE;
				GCC_WARN_UNUSED_FUNCTION = YES;
				GCC_WARN_UNUSED_VARIABLE = YES;
				IPHONEOS_DEPLOYMENT_TARGET = 15.0;
				LOCALIZATION_PREFERS_STRING_CATALOGS = YES;
				MTL_ENABLE_DEBUG_INFO = NO;
				MTL_FAST_MATH = YES;
				SDKROOT = iphoneos;
				SWIFT_COMPILATION_MODE = wholemodule;
				VALIDATE_PRODUCT = YES;
			};
			name = Release;
		};
		1A7060502CD2B1F70014DD5E /* Debug */ = {
			isa = XCBuildConfiguration;
			buildSettings = {
				ASSETCATALOG_COMPILER_APPICON_NAME = AppIcon;
				ASSETCATALOG_COMPILER_GLOBAL_ACCENT_COLOR_NAME = AccentColor;
				CODE_SIGN_STYLE = Automatic;
				CURRENT_PROJECT_VERSION = 1;
				GENERATE_INFOPLIST_FILE = YES;
				INFOPLIST_FILE = PlinkoApp/Info.plist;
				INFOPLIST_KEY_UIApplicationSupportsIndirectInputEvents = YES;
				INFOPLIST_KEY_UILaunchStoryboardName = LaunchScreen;
				INFOPLIST_KEY_UISupportedInterfaceOrientations = UIInterfaceOrientationPortrait;
				IPHONEOS_DEPLOYMENT_TARGET = 15.0;
				LD_RUNPATH_SEARCH_PATHS = (
					"$(inherited)",
					"@executable_path/Frameworks",
				);
				MARKETING_VERSION = 1.0;
				PRODUCT_BUNDLE_IDENTIFIER = com.PlinkoApp;
				PRODUCT_NAME = "$(TARGET_NAME)";
				SWIFT_EMIT_LOC_STRINGS = YES;
				SWIFT_VERSION = 5.0;
				TARGETED_DEVICE_FAMILY = "1,2";
			};
			name = Debug;
		};
		1A7060512CD2B1F70014DD5E /* Release */ = {
			isa = XCBuildConfiguration;
			buildSettings = {
				ASSETCATALOG_COMPILER_APPICON_NAME = AppIcon;
				ASSETCATALOG_COMPILER_GLOBAL_ACCENT_COLOR_NAME = AccentColor;
				CODE_SIGN_STYLE = Automatic;
				CURRENT_PROJECT_VERSION = 1;
				GENERATE_INFOPLIST_FILE = YES;
				INFOPLIST_FILE = PlinkoApp/Info.plist;
				INFOPLIST_KEY_UIApplicationSupportsIndirectInputEvents = YES;
				INFOPLIST_KEY_UILaunchStoryboardName = LaunchScreen;
				INFOPLIST_KEY_UISupportedInterfaceOrientations = UIInterfaceOrientationPortrait;
				IPHONEOS_DEPLOYMENT_TARGET = 15.0;
				LD_RUNPATH_SEARCH_PATHS = (
					"$(inherited)",
					"@executable_path/Frameworks",
				);
				MARKETING_VERSION = 1.0;
				PRODUCT_BUNDLE_IDENTIFIER = com.PlinkoApp;
				PRODUCT_NAME = "$(TARGET_NAME)";
				SWIFT_EMIT_LOC_STRINGS = YES;
				SWIFT_VERSION = 5.0;
				TARGETED_DEVICE_FAMILY = "1,2";
			};
			name = Release;
		};
/* End XCBuildConfiguration section */

/* Begin XCConfigurationList section */
		1A7060362CD2B1F50014DD5E /* Build configuration list for PBXProject "PlinkoApp" */ = {
			isa = XCConfigurationList;
			buildConfigurations = (
				1A70604D2CD2B1F70014DD5E /* Debug */,
				1A70604E2CD2B1F70014DD5E /* Release */,
			);
			defaultConfigurationIsVisible = 0;
			defaultConfigurationName = Release;
		};
		1A70604F2CD2B1F70014DD5E /* Build configuration list for PBXNativeTarget "PlinkoApp" */ = {
			isa = XCConfigurationList;
			buildConfigurations = (
				1A7060502CD2B1F70014DD5E /* Debug */,
				1A7060512CD2B1F70014DD5E /* Release */,
			);
			defaultConfigurationIsVisible = 0;
			defaultConfigurationName = Release;
		};
/* End XCConfigurationList section */

/* Begin XCRemoteSwiftPackageReference section */
		1A7060812CD2B4360014DD5E /* XCRemoteSwiftPackageReference "SnapKit" */ = {
			isa = XCRemoteSwiftPackageReference;
			repositoryURL = "https://github.com/SnapKit/SnapKit";
			requirement = {
				kind = upToNextMajorVersion;
				minimumVersion = 5.7.1;
			};
		};
/* End XCRemoteSwiftPackageReference section */

/* Begin XCSwiftPackageProductDependency section */
		1A7060822CD2B4360014DD5E /* SnapKit */ = {
			isa = XCSwiftPackageProductDependency;
			package = 1A7060812CD2B4360014DD5E /* XCRemoteSwiftPackageReference "SnapKit" */;
			productName = SnapKit;
		};
/* End XCSwiftPackageProductDependency section */
	};
	rootObject = 1A7060332CD2B1F50014DD5E /* Project object */;
}
